
Microsoft Visual Studio Solution File, Format Version 12.00
# Visual Studio Version 17
VisualStudioVersion = 17.7.34031.279
MinimumVisualStudioVersion = 10.0.40219.1
Project("{FAE04EC0-301F-11D3-BF4B-00C04F79EFBC}") = "DBS_proj", "DBS_proj\DBS_proj.csproj", "{5D800225-8B2B-4EE2-990D-31C776C4FEDF}"
EndProject
Global
	GlobalSection(SolutionConfigurationPlatforms) = preSolution
		Debug|Any CPU = Debug|Any CPU
		Release|Any CPU = Release|Any CPU
	EndGlobalSection
	GlobalSection(ProjectConfigurationPlatforms) = postSolution
		{5D800225-8B2B-4EE2-990D-31C776C4FEDF}.Debug|Any CPU.ActiveCfg = Debug|Any CPU
		{5D800225-8B2B-4EE2-990D-31C776C4FEDF}.Debug|Any CPU.Build.0 = Debug|Any CPU
		{5D800225-8B2B-4EE2-990D-31C776C4FEDF}.Release|Any CPU.ActiveCfg = Release|Any CPU
		{5D800225-8B2B-4EE2-990D-31C776C4FEDF}.Release|Any CPU.Build.0 = Release|Any CPU
	EndGlobalSection
	GlobalSection(SolutionProperties) = preSolution
		HideSolutionNode = FALSE
	EndGlobalSection
	GlobalSection(ExtensibilityGlobals) = postSolution
		SolutionGuid = {0A2B7B5C-708E-4D49-A236-A97F91FD7906}
	EndGlobalSection
EndGlobal
